Microsoft Visual Studio Solution File, Format Version 12.00
# Visual Studio Version 17
VisualStudioVersion = 17.5.2.0
MinimumVisualStudioVersion = 10.0.40219.1
Project("{FAE04EC0-301F-11D3-BF4B-00C04F79EFBC}") = "GateKeep.Api", "GateKeep.Api\GateKeep.Api.csproj", "{8DA225C7-9529-476C-A601-094D6EE72193}"
EndProject
Global
	GlobalSection(SolutionConfigurationPlatforms) = preSolution
		Debug|Any CPU = Debug|Any CPU
		Release|Any CPU = Release|Any CPU
	EndGlobalSection
	GlobalSection(ProjectConfigurationPlatforms) = postSolution
		{8DA225C7-9529-476C-A601-094D6EE72193}.Debug|Any CPU.ActiveCfg = Debug|Any CPU
		{8DA225C7-9529-476C-A601-094D6EE72193}.Debug|Any CPU.Build.0 = Debug|Any CPU
		{8DA225C7-9529-476C-A601-094D6EE72193}.Release|Any CPU.ActiveCfg = Release|Any CPU
		{8DA225C7-9529-476C-A601-094D6EE72193}.Release|Any CPU.Build.0 = Release|Any CPU
	EndGlobalSection
	GlobalSection(SolutionProperties) = preSolution
		HideSolutionNode = FALSE
	EndGlobalSection
	GlobalSection(ExtensibilityGlobals) = postSolution
		SolutionGuid = {849CE83C-948C-4A5B-A7E5-75E33EBA97CA}
	EndGlobalSection
EndGlobal
